
Microsoft Visual Studio Solution File, Format Version 12.00
# Visual Studio Version 17
VisualStudioVersion = 17.12.35707.178 d17.12
MinimumVisualStudioVersion = 10.0.40219.1
Project("{FAE04EC0-301F-11D3-BF4B-00C04F79EFBC}") = "Movies.Api", "Movies.Api.csproj", "{5857D422-F1F6-4522-9807-4A71D74836E6}"
EndProject
Project("{FAE04EC0-301F-11D3-BF4B-00C04F79EFBC}") = "Movies.Application", "..\Movies.Application\Movies.Application.csproj", "{41DB8F40-A237-409B-B6D9-6C72211AEEA3}"
EndProject
Project("{FAE04EC0-301F-11D3-BF4B-00C04F79EFBC}") = "Movies.Contracts", "..\Movies.Contracts\Movies.Contracts.csproj", "{6CE47F3C-50EE-4B54-A80F-31D00E4262B7}"
EndProject
Global
	GlobalSection(SolutionConfigurationPlatforms) = preSolution
		Debug|Any CPU = Debug|Any CPU
		Release|Any CPU = Release|Any CPU
	EndGlobalSection
	GlobalSection(ProjectConfigurationPlatforms) = postSolution
		{5857D422-F1F6-4522-9807-4A71D74836E6}.Debug|Any CPU.ActiveCfg = Debug|Any CPU
		{5857D422-F1F6-4522-9807-4A71D74836E6}.Debug|Any CPU.Build.0 = Debug|Any CPU
		{5857D422-F1F6-4522-9807-4A71D74836E6}.Release|Any CPU.ActiveCfg = Release|Any CPU
		{5857D422-F1F6-4522-9807-4A71D74836E6}.Release|Any CPU.Build.0 = Release|Any CPU
		{41DB8F40-A237-409B-B6D9-6C72211AEEA3}.Debug|Any CPU.ActiveCfg = Debug|Any CPU
		{41DB8F40-A237-409B-B6D9-6C72211AEEA3}.Debug|Any CPU.Build.0 = Debug|Any CPU
		{41DB8F40-A237-409B-B6D9-6C72211AEEA3}.Release|Any CPU.ActiveCfg = Release|Any CPU
		{41DB8F40-A237-409B-B6D9-6C72211AEEA3}.Release|Any CPU.Build.0 = Release|Any CPU
		{6CE47F3C-50EE-4B54-A80F-31D00E4262B7}.Debug|Any CPU.ActiveCfg = Debug|Any CPU
		{6CE47F3C-50EE-4B54-A80F-31D00E4262B7}.Debug|Any CPU.Build.0 = Debug|Any CPU
		{6CE47F3C-50EE-4B54-A80F-31D00E4262B7}.Release|Any CPU.ActiveCfg = Release|Any CPU
		{6CE47F3C-50EE-4B54-A80F-31D00E4262B7}.Release|Any CPU.Build.0 = Release|Any CPU
	EndGlobalSection
	GlobalSection(SolutionProperties) = preSolution
		HideSolutionNode = FALSE
	EndGlobalSection
EndGlobal
